// !$*UTF8*$!
{
	archiveVersion = 1;
	classes = {
	};
	objectVersion = 50;
	objects = {

/* Begin PBXBuildFile section */
		062699F92255341100D7E48B /* Assets.xcassets in Resources */ = {isa = PBXBuildFile; fileRef = 062699F82255341100D7E48B /* Assets.xcassets */; };
		062699FC2255341100D7E48B /* LaunchScreen.storyboard in Resources */ = {isa = PBXBuildFile; fileRef = 062699FA2255341100D7E48B /* LaunchScreen.storyboard */; };
		06269A072255349200D7E48B /* Orientation.swift in Sources */ = {isa = PBXBuildFile; fileRef = 06269A042255349200D7E48B /* Orientation.swift */; };
		06269A082255349200D7E48B /* Lifecycle.swift in Sources */ = {isa = PBXBuildFile; fileRef = 06269A052255349200D7E48B /* Lifecycle.swift */; };
		06269A092255349200D7E48B /* AppDelegate.swift in Sources */ = {isa = PBXBuildFile; fileRef = 06269A062255349200D7E48B /* AppDelegate.swift */; };
		06269A0D2255351400D7E48B /* CustomCell.swift in Sources */ = {isa = PBXBuildFile; fileRef = 06269A0B2255351400D7E48B /* CustomCell.swift */; };
		06269A0E2255351400D7E48B /* StringMethods.swift in Sources */ = {isa = PBXBuildFile; fileRef = 06269A0C2255351400D7E48B /* StringMethods.swift */; };
		06269A152255353100D7E48B /* CellColours.swift in Sources */ = {isa = PBXBuildFile; fileRef = 06269A102255353100D7E48B /* CellColours.swift */; };
		06269A162255353100D7E48B /* SetTopVC.swift in Sources */ = {isa = PBXBuildFile; fileRef = 06269A112255353100D7E48B /* SetTopVC.swift */; };
		06269A172255353100D7E48B /* CollectionVC.swift in Sources */ = {isa = PBXBuildFile; fileRef = 06269A122255353100D7E48B /* CollectionVC.swift */; };
		06269A1A2255354500D7E48B /* Description.swift in Sources */ = {isa = PBXBuildFile; fileRef = 06269A192255354500D7E48B /* Description.swift */; };
		06269A252255356D00D7E48B /* NavBarSetup.swift in Sources */ = {isa = PBXBuildFile; fileRef = 06269A1C2255356C00D7E48B /* NavBarSetup.swift */; };
		06269A262255356D00D7E48B /* Reload.swift in Sources */ = {isa = PBXBuildFile; fileRef = 06269A1D2255356C00D7E48B /* Reload.swift */; };
		06269A272255356D00D7E48B /* Present&Reload.swift in Sources */ = {isa = PBXBuildFile; fileRef = 06269A1E2255356C00D7E48B /* Present&Reload.swift */; };
		06269A282255356D00D7E48B /* Colours.swift in Sources */ = {isa = PBXBuildFile; fileRef = 06269A202255356D00D7E48B /* Colours.swift */; };
		06269A292255356D00D7E48B /* Attributes.swift in Sources */ = {isa = PBXBuildFile; fileRef = 06269A212255356D00D7E48B /* Attributes.swift */; };
		06269A2A2255356D00D7E48B /* ZIndex.swift in Sources */ = {isa = PBXBuildFile; fileRef = 06269A222255356D00D7E48B /* ZIndex.swift */; };
		06269A2B2255356D00D7E48B /* Layout.swift in Sources */ = {isa = PBXBuildFile; fileRef = 06269A232255356D00D7E48B /* Layout.swift */; };
		06269A2C2255356D00D7E48B /* Prepare.swift in Sources */ = {isa = PBXBuildFile; fileRef = 06269A242255356D00D7E48B /* Prepare.swift */; };
		06269A312255359C00D7E48B /* TestSquare.swift in Sources */ = {isa = PBXBuildFile; fileRef = 06269A2E2255359C00D7E48B /* TestSquare.swift */; };
		06269A332255359C00D7E48B /* DeviceType.swift in Sources */ = {isa = PBXBuildFile; fileRef = 06269A302255359C00D7E48B /* DeviceType.swift */; };
		06269A35225535C500D7E48B /* Vars.swift in Sources */ = {isa = PBXBuildFile; fileRef = 06269A34225535C400D7E48B /* Vars.swift */; };
		06C1B8852255C48600B13C36 /* CellSizeModes.swift in Sources */ = {isa = PBXBuildFile; fileRef = 06C1B8842255C48600B13C36 /* CellSizeModes.swift */; };
/* End PBXBuildFile section */

/* Begin PBXFileReference section */
		062699EE2255340E00D7E48B /* UltimateCVBoilerplate.app */ = {isa = PBXFileReference; explicitFileType = wrapper.application; includeInIndex = 0; path = UltimateCVBoilerplate.app; sourceTree = BUILT_PRODUCTS_DIR; };
		062699F82255341100D7E48B /* Assets.xcassets */ = {isa = PBXFileReference; lastKnownFileType = folder.assetcatalog; path = Assets.xcassets; sourceTree = "<group>"; };
		062699FB2255341100D7E48B /* Base */ = {isa = PBXFileReference; lastKnownFileType = file.storyboard; name = Base; path = Base.lproj/LaunchScreen.storyboard; sourceTree = "<group>"; };
		062699FD2255341100D7E48B /* Info.plist */ = {isa = PBXFileReference; lastKnownFileType = text.plist.xml; path = Info.plist; sourceTree = "<group>"; };
		06269A042255349200D7E48B /* Orientation.swift */ = {isa = PBXFileReference; fileEncoding = 4; lastKnownFileType = sourcecode.swift; path = Orientation.swift; sourceTree = "<group>"; };
		06269A052255349200D7E48B /* Lifecycle.swift */ = {isa = PBXFileReference; fileEncoding = 4; lastKnownFileType = sourcecode.swift; path = Lifecycle.swift; sourceTree = "<group>"; };
		06269A062255349200D7E48B /* AppDelegate.swift */ = {isa = PBXFileReference; fileEncoding = 4; lastKnownFileType = sourcecode.swift; path = AppDelegate.swift; sourceTree = "<group>"; };
		06269A0B2255351400D7E48B /* CustomCell.swift */ = {isa = PBXFileReference; fileEncoding = 4; lastKnownFileType = sourcecode.swift; path = CustomCell.swift; sourceTree = "<group>"; };
		06269A0C2255351400D7E48B /* StringMethods.swift */ = {isa = PBXFileReference; fileEncoding = 4; lastKnownFileType = sourcecode.swift; path = StringMethods.swift; sourceTree = "<group>"; };
		06269A102255353100D7E48B /* CellColours.swift */ = {isa = PBXFileReference; fileEncoding = 4; lastKnownFileType = sourcecode.swift; path = CellColours.swift; sourceTree = "<group>"; };
		06269A112255353100D7E48B /* SetTopVC.swift */ = {isa = PBXFileReference; fileEncoding = 4; lastKnownFileType = sourcecode.swift; path = SetTopVC.swift; sourceTree = "<group>"; };
		06269A122255353100D7E48B /* CollectionVC.swift */ = {isa = PBXFileReference; fileEncoding = 4; lastKnownFileType = sourcecode.swift; path = CollectionVC.swift; sourceTree = "<group>"; };
		06269A192255354500D7E48B /* Description.swift */ = {isa = PBXFileReference; fileEncoding = 4; lastKnownFileType = sourcecode.swift; path = Description.swift; sourceTree = "<group>"; };
		06269A1C2255356C00D7E48B /* NavBarSetup.swift */ = {isa = PBXFileReference; fileEncoding = 4; lastKnownFileType = sourcecode.swift; path = NavBarSetup.swift; sourceTree = "<group>"; };
		06269A1D2255356C00D7E48B /* Reload.swift */ = {isa = PBXFileReference; fileEncoding = 4; lastKnownFileType = sourcecode.swift; path = Reload.swift; sourceTree = "<group>"; };
		06269A1E2255356C00D7E48B /* Present&Reload.swift */ = {isa = PBXFileReference; fileEncoding = 4; lastKnownFileType = sourcecode.swift; path = "Present&Reload.swift"; sourceTree = "<group>"; };
		06269A202255356D00D7E48B /* Colours.swift */ = {isa = PBXFileReference; fileEncoding = 4; lastKnownFileType = sourcecode.swift; path = Colours.swift; sourceTree = "<group>"; };
		06269A212255356D00D7E48B /* Attributes.swift */ = {isa = PBXFileReference; fileEncoding = 4; lastKnownFileType = sourcecode.swift; path = Attributes.swift; sourceTree = "<group>"; };
		06269A222255356D00D7E48B /* ZIndex.swift */ = {isa = PBXFileReference; fileEncoding = 4; lastKnownFileType = sourcecode.swift; path = ZIndex.swift; sourceTree = "<group>"; };
		06269A232255356D00D7E48B /* Layout.swift */ = {isa = PBXFileReference; fileEncoding = 4; lastKnownFileType = sourcecode.swift; path = Layout.swift; sourceTree = "<group>"; };
		06269A242255356D00D7E48B /* Prepare.swift */ = {isa = PBXFileReference; fileEncoding = 4; lastKnownFileType = sourcecode.swift; path = Prepare.swift; sourceTree = "<group>"; };
		06269A2E2255359C00D7E48B /* TestSquare.swift */ = {isa = PBXFileReference; fileEncoding = 4; lastKnownFileType = sourcecode.swift; path = TestSquare.swift; sourceTree = "<group>"; };
		06269A302255359C00D7E48B /* DeviceType.swift */ = {isa = PBXFileReference; fileEncoding = 4; lastKnownFileType = sourcecode.swift; path = DeviceType.swift; sourceTree = "<group>"; };
		06269A34225535C400D7E48B /* Vars.swift */ = {isa = PBXFileReference; fileEncoding = 4; lastKnownFileType = sourcecode.swift; path = Vars.swift; sourceTree = "<group>"; };
		06C1B8842255C48600B13C36 /* CellSizeModes.swift */ = {isa = PBXFileReference; lastKnownFileType = sourcecode.swift; path = CellSizeModes.swift; sourceTree = "<group>"; };
/* End PBXFileReference section */

/* Begin PBXFrameworksBuildPhase section */
		062699EB2255340E00D7E48B /* Frameworks */ = {
			isa = PBXFrameworksBuildPhase;
			buildActionMask = 2147483647;
			files = (
			);
			runOnlyForDeploymentPostprocessing = 0;
		};
/* End PBXFrameworksBuildPhase section */

/* Begin PBXGroup section */
		062699E52255340E00D7E48B = {
			isa = PBXGroup;
			children = (
				06269A192255354500D7E48B /* Description.swift */,
				06269A34225535C400D7E48B /* Vars.swift */,
				06269A032255349200D7E48B /* Delegate */,
				06269A0A2255351400D7E48B /* Model */,
				06269A1F2255356D00D7E48B /* View */,
				06269A0F2255353100D7E48B /* Controller */,
				06269A1B2255356C00D7E48B /* Controller(Navigation) */,
				06269A2D2255359C00D7E48B /* Checks */,
				062699F02255340E00D7E48B /* UltimateCVBoilerplate */,
				062699EF2255340E00D7E48B /* Products */,
			);
			sourceTree = "<group>";
		};
		062699EF2255340E00D7E48B /* Products */ = {
			isa = PBXGroup;
			children = (
				062699EE2255340E00D7E48B /* UltimateCVBoilerplate.app */,
			);
			name = Products;
			sourceTree = "<group>";
		};
		062699F02255340E00D7E48B /* UltimateCVBoilerplate */ = {
			isa = PBXGroup;
			children = (
				062699F82255341100D7E48B /* Assets.xcassets */,
				062699FA2255341100D7E48B /* LaunchScreen.storyboard */,
				062699FD2255341100D7E48B /* Info.plist */,
			);
			path = UltimateCVBoilerplate;
			sourceTree = "<group>";
		};
		06269A032255349200D7E48B /* Delegate */ = {
			isa = PBXGroup;
			children = (
				06269A062255349200D7E48B /* AppDelegate.swift */,
				06269A052255349200D7E48B /* Lifecycle.swift */,
			);
			path = Delegate;
			sourceTree = "<group>";
		};
		06269A0A2255351400D7E48B /* Model */ = {
			isa = PBXGroup;
			children = (
				06269A0C2255351400D7E48B /* StringMethods.swift */,
				06269A0B2255351400D7E48B /* CustomCell.swift */,
			);
			path = Model;
			sourceTree = "<group>";
		};
		06269A0F2255353100D7E48B /* Controller */ = {
			isa = PBXGroup;
			children = (
				06269A122255353100D7E48B /* CollectionVC.swift */,
				06269A102255353100D7E48B /* CellColours.swift */,
				06269A112255353100D7E48B /* SetTopVC.swift */,
			);
			path = Controller;
			sourceTree = "<group>";
		};
		06269A1B2255356C00D7E48B /* Controller(Navigation) */ = {
			isa = PBXGroup;
			children = (
				06269A1C2255356C00D7E48B /* NavBarSetup.swift */,
				06269A1D2255356C00D7E48B /* Reload.swift */,
				06269A1E2255356C00D7E48B /* Present&Reload.swift */,
			);
			path = "Controller(Navigation)";
			sourceTree = "<group>";
		};
		06269A1F2255356D00D7E48B /* View */ = {
			isa = PBXGroup;
			children = (
				06269A232255356D00D7E48B /* Layout.swift */,
				06269A242255356D00D7E48B /* Prepare.swift */,
				06C1B8842255C48600B13C36 /* CellSizeModes.swift */,
				06269A212255356D00D7E48B /* Attributes.swift */,
				06269A222255356D00D7E48B /* ZIndex.swift */,
				06269A202255356D00D7E48B /* Colours.swift */,
			);
			path = View;
			sourceTree = "<group>";
		};
		06269A2D2255359C00D7E48B /* Checks */ = {
			isa = PBXGroup;
			children = (
				06269A042255349200D7E48B /* Orientation.swift */,
				06269A302255359C00D7E48B /* DeviceType.swift */,
				06269A2E2255359C00D7E48B /* TestSquare.swift */,
			);
			path = Checks;
			sourceTree = "<group>";
		};
/* End PBXGroup section */

/* Begin PBXNativeTarget section */
		062699ED2255340E00D7E48B /* UltimateCVBoilerplate */ = {
			isa = PBXNativeTarget;
			buildConfigurationList = 06269A002255341100D7E48B /* Build configuration list for PBXNativeTarget "UltimateCVBoilerplate" */;
			buildPhases = (
				062699EA2255340E00D7E48B /* Sources */,
				062699EB2255340E00D7E48B /* Frameworks */,
				062699EC2255340E00D7E48B /* Resources */,
			);
			buildRules = (
			);
			dependencies = (
			);
			name = UltimateCVBoilerplate;
			productName = UltimateCVBoilerplate;
			productReference = 062699EE2255340E00D7E48B /* UltimateCVBoilerplate.app */;
			productType = "com.apple.product-type.application";
		};
/* End PBXNativeTarget section */

/* Begin PBXProject section */
		062699E62255340E00D7E48B /* Project object */ = {
			isa = PBXProject;
			attributes = {
				LastSwiftUpdateCheck = 1020;
				LastUpgradeCheck = 1020;
				ORGANIZATIONNAME = "Garth Snyder";
				TargetAttributes = {
					062699ED2255340E00D7E48B = {
						CreatedOnToolsVersion = 10.2;
					};
				};
			};
			buildConfigurationList = 062699E92255340E00D7E48B /* Build configuration list for PBXProject "UltimateCVBoilerplate" */;
			compatibilityVersion = "Xcode 9.3";
			developmentRegion = en;
			hasScannedForEncodings = 0;
			knownRegions = (
				en,
				Base,
			);
			mainGroup = 062699E52255340E00D7E48B;
			productRefGroup = 062699EF2255340E00D7E48B /* Products */;
			projectDirPath = "";
			projectRoot = "";
			targets = (
				062699ED2255340E00D7E48B /* UltimateCVBoilerplate */,
			);
		};
/* End PBXProject section */

/* Begin PBXResourcesBuildPhase section */
		062699EC2255340E00D7E48B /* Resources */ = {
			isa = PBXResourcesBuildPhase;
			buildActionMask = 2147483647;
			files = (
				062699FC2255341100D7E48B /* LaunchScreen.storyboard in Resources */,
				062699F92255341100D7E48B /* Assets.xcassets in Resources */,
			);
			runOnlyForDeploymentPostprocessing = 0;
		};
/* End PBXResourcesBuildPhase section */

/* Begin PBXSourcesBuildPhase section */
		062699EA2255340E00D7E48B /* Sources */ = {
			isa = PBXSourcesBuildPhase;
			buildActionMask = 2147483647;
			files = (
				06269A092255349200D7E48B /* AppDelegate.swift in Sources */,
				06269A2C2255356D00D7E48B /* Prepare.swift in Sources */,
				06269A2B2255356D00D7E48B /* Layout.swift in Sources */,
				06269A282255356D00D7E48B /* Colours.swift in Sources */,
				06269A162255353100D7E48B /* SetTopVC.swift in Sources */,
				06269A1A2255354500D7E48B /* Description.swift in Sources */,
				06269A312255359C00D7E48B /* TestSquare.swift in Sources */,
				06269A35225535C500D7E48B /* Vars.swift in Sources */,
				06269A172255353100D7E48B /* CollectionVC.swift in Sources */,
				06269A332255359C00D7E48B /* DeviceType.swift in Sources */,
				06269A272255356D00D7E48B /* Present&Reload.swift in Sources */,
				06269A0E2255351400D7E48B /* StringMethods.swift in Sources */,
				06269A082255349200D7E48B /* Lifecycle.swift in Sources */,
				06269A2A2255356D00D7E48B /* ZIndex.swift in Sources */,
				06269A252255356D00D7E48B /* NavBarSetup.swift in Sources */,
				06269A0D2255351400D7E48B /* CustomCell.swift in Sources */,
				06269A072255349200D7E48B /* Orientation.swift in Sources */,
				06269A262255356D00D7E48B /* Reload.swift in Sources */,
				06269A292255356D00D7E48B /* Attributes.swift in Sources */,
				06C1B8852255C48600B13C36 /* CellSizeModes.swift in Sources */,
				06269A152255353100D7E48B /* CellColours.swift in Sources */,
			);
			runOnlyForDeploymentPostprocessing = 0;
		};
/* End PBXSourcesBuildPhase section */

/* Begin PBXVariantGroup section */
		062699FA2255341100D7E48B /* LaunchScreen.storyboard */ = {
			isa = PBXVariantGroup;
			children = (
				062699FB2255341100D7E48B /* Base */,
			);
			name = LaunchScreen.storyboard;
			sourceTree = "<group>";
		};
/* End PBXVariantGroup section */

/* Begin XCBuildConfiguration section */
		062699FE2255341100D7E48B /* Debug */ = {
			isa = XCBuildConfiguration;
			buildSettings = {
				ALWAYS_SEARCH_USER_PATHS = NO;
				CLANG_ANALYZER_NONNULL = YES;
				CLANG_ANALYZER_NUMBER_OBJECT_CONVERSION = YES_AGGRESSIVE;
				CLANG_CXX_LANGUAGE_STANDARD = "gnu++14";
				CLANG_CXX_LIBRARY = "libc++";
				CLANG_ENABLE_MODULES = YES;
				CLANG_ENABLE_OBJC_ARC = YES;
				CLANG_ENABLE_OBJC_WEAK = YES;
				CLANG_WARN_BLOCK_CAPTURE_AUTORELEASING = YES;
				CLANG_WARN_BOOL_CONVERSION = YES;
				CLANG_WARN_COMMA = YES;
				CLANG_WARN_CONSTANT_CONVERSION = YES;
				CLANG_WARN_DEPRECATED_OBJC_IMPLEMENTATIONS = YES;
				CLANG_WARN_DIRECT_OBJC_ISA_USAGE = YES_ERROR;
				CLANG_WARN_DOCUMENTATION_COMMENTS = YES;
				CLANG_WARN_EMPTY_BODY = YES;
				CLANG_WARN_ENUM_CONVERSION = YES;
				CLANG_WARN_INFINITE_RECURSION = YES;
				CLANG_WARN_INT_CONVERSION = YES;
				CLANG_WARN_NON_LITERAL_NULL_CONVERSION = YES;
				CLANG_WARN_OBJC_IMPLICIT_RETAIN_SELF = YES;
				CLANG_WARN_OBJC_LITERAL_CONVERSION = YES;
				CLANG_WARN_OBJC_ROOT_CLASS = YES_ERROR;
				CLANG_WARN_RANGE_LOOP_ANALYSIS = YES;
				CLANG_WARN_STRICT_PROTOTYPES = YES;
				CLANG_WARN_SUSPICIOUS_MOVE = YES;
				CLANG_WARN_UNGUARDED_AVAILABILITY = YES_AGGRESSIVE;
				CLANG_WARN_UNREACHABLE_CODE = YES;
				CLANG_WARN__DUPLICATE_METHOD_MATCH = YES;
				CODE_SIGN_IDENTITY = "iPhone Developer";
				COPY_PHASE_STRIP = NO;
				DEBUG_INFORMATION_FORMAT = dwarf;
				ENABLE_STRICT_OBJC_MSGSEND = YES;
				ENABLE_TESTABILITY = YES;
				GCC_C_LANGUAGE_STANDARD = gnu11;
				GCC_DYNAMIC_NO_PIC = NO;
				GCC_NO_COMMON_BLOCKS = YES;
				GCC_OPTIMIZATION_LEVEL = 0;
				GCC_PREPROCESSOR_DEFINITIONS = (
					"DEBUG=1",
					"$(inherited)",
				);
				GCC_WARN_64_TO_32_BIT_CONVERSION = YES;
				GCC_WARN_ABOUT_RETURN_TYPE = YES_ERROR;
				GCC_WARN_UNDECLARED_SELECTOR = YES;
				GCC_WARN_UNINITIALIZED_AUTOS = YES_AGGRESSIVE;
				GCC_WARN_UNUSED_FUNCTION = YES;
				GCC_WARN_UNUSED_VARIABLE = YES;
				IPHONEOS_DEPLOYMENT_TARGET = 12.2;
				MTL_ENABLE_DEBUG_INFO = INCLUDE_SOURCE;
				MTL_FAST_MATH = YES;
				ONLY_ACTIVE_ARCH = YES;
				SDKROOT = iphoneos;
				SWIFT_ACTIVE_COMPILATION_CONDITIONS = DEBUG;
				SWIFT_OPTIMIZATION_LEVEL = "-Onone";
			};
			name = Debug;
		};
		062699FF2255341100D7E48B /* Release */ = {
			isa = XCBuildConfiguration;
			buildSettings = {
				ALWAYS_SEARCH_USER_PATHS = NO;
				CLANG_ANALYZER_NONNULL = YES;
				CLANG_ANALYZER_NUMBER_OBJECT_CONVERSION = YES_AGGRESSIVE;
				CLANG_CXX_LANGUAGE_STANDARD = "gnu++14";
				CLANG_CXX_LIBRARY = "libc++";
				CLANG_ENABLE_MODULES = YES;
				CLANG_ENABLE_OBJC_ARC = YES;
				CLANG_ENABLE_OBJC_WEAK = YES;
				CLANG_WARN_BLOCK_CAPTURE_AUTORELEASING = YES;
				CLANG_WARN_BOOL_CONVERSION = YES;
				CLANG_WARN_COMMA = YES;
				CLANG_WARN_CONSTANT_CONVERSION = YES;
				CLANG_WARN_DEPRECATED_OBJC_IMPLEMENTATIONS = YES;
				CLANG_WARN_DIRECT_OBJC_ISA_USAGE = YES_ERROR;
				CLANG_WARN_DOCUMENTATION_COMMENTS = YES;
				CLANG_WARN_EMPTY_BODY = YES;
				CLANG_WARN_ENUM_CONVERSION = YES;
				CLANG_WARN_INFINITE_RECURSION = YES;
				CLANG_WARN_INT_CONVERSION = YES;
				CLANG_WARN_NON_LITERAL_NULL_CONVERSION = YES;
				CLANG_WARN_OBJC_IMPLICIT_RETAIN_SELF = YES;
				CLANG_WARN_OBJC_LITERAL_CONVERSION = YES;
				CLANG_WARN_OBJC_ROOT_CLASS = YES_ERROR;
				CLANG_WARN_RANGE_LOOP_ANALYSIS = YES;
				CLANG_WARN_STRICT_PROTOTYPES = YES;
				CLANG_WARN_SUSPICIOUS_MOVE = YES;
				CLANG_WARN_UNGUARDED_AVAILABILITY = YES_AGGRESSIVE;
				CLANG_WARN_UNREACHABLE_CODE = YES;
				CLANG_WARN__DUPLICATE_METHOD_MATCH = YES;
				CODE_SIGN_IDENTITY = "iPhone Developer";
				COPY_PHASE_STRIP = NO;
				DEBUG_INFORMATION_FORMAT = "dwarf-with-dsym";
				ENABLE_NS_ASSERTIONS = NO;
				ENABLE_STRICT_OBJC_MSGSEND = YES;
				GCC_C_LANGUAGE_STANDARD = gnu11;
				GCC_NO_COMMON_BLOCKS = YES;
				GCC_WARN_64_TO_32_BIT_CONVERSION = YES;
				GCC_WARN_ABOUT_RETURN_TYPE = YES_ERROR;
				GCC_WARN_UNDECLARED_SELECTOR = YES;
				GCC_WARN_UNINITIALIZED_AUTOS = YES_AGGRESSIVE;
				GCC_WARN_UNUSED_FUNCTION = YES;
				GCC_WARN_UNUSED_VARIABLE = YES;
				IPHONEOS_DEPLOYMENT_TARGET = 12.2;
				MTL_ENABLE_DEBUG_INFO = NO;
				MTL_FAST_MATH = YES;
				SDKROOT = iphoneos;
				SWIFT_COMPILATION_MODE = wholemodule;
				SWIFT_OPTIMIZATION_LEVEL = "-O";
				VALIDATE_PRODUCT = YES;
			};
			name = Release;
		};
		06269A012255341100D7E48B /* Debug */ = {
			isa = XCBuildConfiguration;
			buildSettings = {
				ASSETCATALOG_COMPILER_APPICON_NAME = AppIcon;
				CODE_SIGN_STYLE = Automatic;
				DEVELOPMENT_TEAM = KX84NTAHJ6;
				INFOPLIST_FILE = UltimateCVBoilerplate/Info.plist;
				IPHONEOS_DEPLOYMENT_TARGET = 12.1;
				LD_RUNPATH_SEARCH_PATHS = (
					"$(inherited)",
					"@executable_path/Frameworks",
				);
				PRODUCT_BUNDLE_IDENTIFIER = com.example.UltimateCVBoilerplate;
				PRODUCT_NAME = "$(TARGET_NAME)";
				SWIFT_VERSION = 5.0;
				TARGETED_DEVICE_FAMILY = "1,2";
			};
			name = Debug;
		};
		06269A022255341100D7E48B /* Release */ = {
			isa = XCBuildConfiguration;
			buildSettings = {
				ASSETCATALOG_COMPILER_APPICON_NAME = AppIcon;
				CODE_SIGN_STYLE = Automatic;
				DEVELOPMENT_TEAM = KX84NTAHJ6;
				INFOPLIST_FILE = UltimateCVBoilerplate/Info.plist;
				IPHONEOS_DEPLOYMENT_TARGET = 12.1;
				LD_RUNPATH_SEARCH_PATHS = (
					"$(inherited)",
					"@executable_path/Frameworks",
				);
				PRODUCT_BUNDLE_IDENTIFIER = com.example.UltimateCVBoilerplate;
				PRODUCT_NAME = "$(TARGET_NAME)";
				SWIFT_VERSION = 5.0;
				TARGETED_DEVICE_FAMILY = "1,2";
			};
			name = Release;
		};
/* End XCBuildConfiguration section */

/* Begin XCConfigurationList section */
		062699E92255340E00D7E48B /* Build configuration list for PBXProject "UltimateCVBoilerplate" */ = {
			isa = XCConfigurationList;
			buildConfigurations = (
				062699FE2255341100D7E48B /* Debug */,
				062699FF2255341100D7E48B /* Release */,
			);
			defaultConfigurationIsVisible = 0;
			defaultConfigurationName = Release;
		};
		06269A002255341100D7E48B /* Build configuration list for PBXNativeTarget "UltimateCVBoilerplate" */ = {
			isa = XCConfigurationList;
			buildConfigurations = (
				06269A012255341100D7E48B /* Debug */,
				06269A022255341100D7E48B /* Release */,
			);
			defaultConfigurationIsVisible = 0;
			defaultConfigurationName = Release;
		};
/* End XCConfigurationList section */
	};
	rootObject = 062699E62255340E00D7E48B /* Project object */;
}
